
Microsoft Visual Studio Solution File, Format Version 12.00
# Visual Studio 15
Project("{FAE04EC0-301F-11D3-BF4B-00C04F79EFBC}") = "WTW", "WTW\WTW.csproj", "{3CF4597E-855E-4C29-8F1C-D4B28204185F}"
EndProject
Global
	GlobalSection(SolutionConfigurationPlatforms) = preSolution
		Debug|Any CPU = Debug|Any CPU
		Release|Any CPU = Release|Any CPU
	EndGlobalSection
	GlobalSection(ProjectConfigurationPlatforms) = postSolution
		{3CF4597E-855E-4C29-8F1C-D4B28204185F}.Debug|Any CPU.ActiveCfg = Debug|Any CPU
		{3CF4597E-855E-4C29-8F1C-D4B28204185F}.Debug|Any CPU.Build.0 = Debug|Any CPU
		{3CF4597E-855E-4C29-8F1C-D4B28204185F}.Release|Any CPU.ActiveCfg = Release|Any CPU
		{3CF4597E-855E-4C29-8F1C-D4B28204185F}.Release|Any CPU.Build.0 = Release|Any CPU
	EndGlobalSection
EndGlobal
